PODS:
  - Flutter (1.0.0)
  - flutter_notifyvisitors (1.4.1):
    - Flutter
    - notifyvisitors (= 7.3.3)
    - notifyvisitorsNudges (= 0.0.3)
  - fluttertoast (0.0.2):
    - Flutter
  - notifyvisitors (7.3.3)
  - notifyvisitorsNotificationService (1.0.0)
  - notifyvisitorsNudges (0.0.3)
  - shared_preferences_foundation (0.0.1):
    - Flutter
    - FlutterMacOS

DEPENDENCIES:
  - Flutter (from `Flutter`)
  - flutter_notifyvisitors (from `.symlinks/plugins/flutter_notifyvisitors/ios`)
  - fluttertoast (from `.symlinks/plugins/fluttertoast/ios`)
  - notifyvisitorsNotificationService
  - shared_preferences_foundation (from `.symlinks/plugins/shared_preferences_foundation/darwin`)

SPEC REPOS:
  trunk:
    - notifyvisitors
    - notifyvisitorsNotificationService
    - notifyvisitorsNudges

EXTERNAL SOURCES:
  Flutter:
    :path: Flutter
  flutter_notifyvisitors:
    :path: ".symlinks/plugins/flutter_notifyvisitors/ios"
  fluttertoast:
    :path: ".symlinks/plugins/fluttertoast/ios"
  shared_preferences_foundation:
    :path: ".symlinks/plugins/shared_preferences_foundation/darwin"

SPEC CHECKSUMS:
  Flutter: e0871f40cf51350855a761d2e70bf5af5b9b5de7
  flutter_notifyvisitors: 1faea9876dd658ae010ada4a263b0de969231352
  fluttertoast: 2c67e14dce98bbdb200df9e1acf610d7a6264ea1
  notifyvisitors: 2d95d5ad1014efafbf611ed68b0675795bcb026e
  notifyvisitorsNotificationService: ef0ac1d14d3c3b168eec98d9aa1bff14f592e6a2
  notifyvisitorsNudges: 5d1d931d1c09107a0fa5d7cfc388ee3cc2e68cf2
  shared_preferences_foundation: 9e1978ff2562383bd5676f64ec4e9aa8fa06a6f7

PODFILE CHECKSUM: 2d530975c497475085de6be9230101c6f03e14f4

COCOAPODS: 1.16.2
